
Microsoft Visual Studio Solution File, Format Version 12.00
# Visual Studio Version 16
VisualStudioVersion = 16.0.29613.14
MinimumVisualStudioVersion = 10.0.40219.1
Project("{FAE04EC0-301F-11D3-BF4B-00C04F79EFBC}") = "DataAccess", "DataAccess\DataAccess.csproj", "{0DF0D646-9C88-426F-B851-1AFFA9A31330}"
EndProject
Project("{FAE04EC0-301F-11D3-BF4B-00C04F79EFBC}") = "DomainModels", "DomainModels\DomainModels.csproj", "{7DB402F3-2768-4E69-83C7-CE1BE1F4ECB2}"
EndProject
Project("{FAE04EC0-301F-11D3-BF4B-00C04F79EFBC}") = "Services", "Services\Services.csproj", "{5C445C72-0916-4DFE-87C1-B1A42751D1B4}"
EndProject
Project("{FAE04EC0-301F-11D3-BF4B-00C04F79EFBC}") = "WebModels", "WebModels\WebModels.csproj", "{46C2F4A9-B5F5-46A2-86F1-AE1846D0D613}"
EndProject
Project("{FAE04EC0-301F-11D3-BF4B-00C04F79EFBC}") = "WebApplication", "WebApplication\WebApplication.csproj", "{205B67E0-1D19-4ABA-9CD7-84F91470CD91}"
EndProject
Global
	GlobalSection(SolutionConfigurationPlatforms) = preSolution
		Debug|Any CPU = Debug|Any CPU
		Release|Any CPU = Release|Any CPU
	EndGlobalSection
	GlobalSection(ProjectConfigurationPlatforms) = postSolution
		{0DF0D646-9C88-426F-B851-1AFFA9A31330}.Debug|Any CPU.ActiveCfg = Debug|Any CPU
		{0DF0D646-9C88-426F-B851-1AFFA9A31330}.Debug|Any CPU.Build.0 = Debug|Any CPU
		{0DF0D646-9C88-426F-B851-1AFFA9A31330}.Release|Any CPU.ActiveCfg = Release|Any CPU
		{0DF0D646-9C88-426F-B851-1AFFA9A31330}.Release|Any CPU.Build.0 = Release|Any CPU
		{7DB402F3-2768-4E69-83C7-CE1BE1F4ECB2}.Debug|Any CPU.ActiveCfg = Debug|Any CPU
		{7DB402F3-2768-4E69-83C7-CE1BE1F4ECB2}.Debug|Any CPU.Build.0 = Debug|Any CPU
		{7DB402F3-2768-4E69-83C7-CE1BE1F4ECB2}.Release|Any CPU.ActiveCfg = Release|Any CPU
		{7DB402F3-2768-4E69-83C7-CE1BE1F4ECB2}.Release|Any CPU.Build.0 = Release|Any CPU
		{5C445C72-0916-4DFE-87C1-B1A42751D1B4}.Debug|Any CPU.ActiveCfg = Debug|Any CPU
		{5C445C72-0916-4DFE-87C1-B1A42751D1B4}.Debug|Any CPU.Build.0 = Debug|Any CPU
		{5C445C72-0916-4DFE-87C1-B1A42751D1B4}.Release|Any CPU.ActiveCfg = Release|Any CPU
		{5C445C72-0916-4DFE-87C1-B1A42751D1B4}.Release|Any CPU.Build.0 = Release|Any CPU
		{46C2F4A9-B5F5-46A2-86F1-AE1846D0D613}.Debug|Any CPU.ActiveCfg = Debug|Any CPU
		{46C2F4A9-B5F5-46A2-86F1-AE1846D0D613}.Debug|Any CPU.Build.0 = Debug|Any CPU
		{46C2F4A9-B5F5-46A2-86F1-AE1846D0D613}.Release|Any CPU.ActiveCfg = Release|Any CPU
		{46C2F4A9-B5F5-46A2-86F1-AE1846D0D613}.Release|Any CPU.Build.0 = Release|Any CPU
		{205B67E0-1D19-4ABA-9CD7-84F91470CD91}.Debug|Any CPU.ActiveCfg = Debug|Any CPU
		{205B67E0-1D19-4ABA-9CD7-84F91470CD91}.Debug|Any CPU.Build.0 = Debug|Any CPU
		{205B67E0-1D19-4ABA-9CD7-84F91470CD91}.Release|Any CPU.ActiveCfg = Release|Any CPU
		{205B67E0-1D19-4ABA-9CD7-84F91470CD91}.Release|Any CPU.Build.0 = Release|Any CPU
	EndGlobalSection
	GlobalSection(SolutionProperties) = preSolution
		HideSolutionNode = FALSE
	EndGlobalSection
	GlobalSection(ExtensibilityGlobals) = postSolution
		SolutionGuid = {82077BDF-56DC-4305-89C6-F9F4FE7BD6DB}
	EndGlobalSection
EndGlobal
